
Microsoft Visual Studio Solution File, Format Version 12.00
# Visual Studio Version 16
VisualStudioVersion = 16.0.30709.132
MinimumVisualStudioVersion = 10.0.40219.1
Project("{FAE04EC0-301F-11D3-BF4B-00C04F79EFBC}") = "Client_WPF_1.0", "Client_WPF_1.0\Client_WPF_1.0.csproj", "{90A26DA3-EF14-4529-93C0-BAE78B047723}"
EndProject
Global
	GlobalSection(SolutionConfigurationPlatforms) = preSolution
		Debug|Any CPU = Debug|Any CPU
		Release|Any CPU = Release|Any CPU
	EndGlobalSection
	GlobalSection(ProjectConfigurationPlatforms) = postSolution
		{90A26DA3-EF14-4529-93C0-BAE78B047723}.Debug|Any CPU.ActiveCfg = Debug|Any CPU
		{90A26DA3-EF14-4529-93C0-BAE78B047723}.Debug|Any CPU.Build.0 = Debug|Any CPU
		{90A26DA3-EF14-4529-93C0-BAE78B047723}.Release|Any CPU.ActiveCfg = Release|Any CPU
		{90A26DA3-EF14-4529-93C0-BAE78B047723}.Release|Any CPU.Build.0 = Release|Any CPU
	EndGlobalSection
	GlobalSection(SolutionProperties) = preSolution
		HideSolutionNode = FALSE
	EndGlobalSection
	GlobalSection(ExtensibilityGlobals) = postSolution
		SolutionGuid = {9D81CF7B-36D4-4F15-802B-1BA5CB24D857}
	EndGlobalSection
EndGlobal
